{
  "name": "probability",
  "version": "1.0.0",
  "lockfileVersion": 2,
  "requires": true,
  "packages": {
    "": {
      "name": "probability",
      "version": "1.0.0",
      "license": "ISC",
      "dependencies": {
        "@datastructures-js/heap": "3.2.0",
        "js-priority-queue": "^0.1.5",
        "queue-fifo": "^0.2.6",
        "random": "^3.0.6"
      }
    },
    "node_modules/@datastructures-js/heap": {
      "version": "3.2.0",
      "resolved": "https://registry.npmjs.org/@datastructures-js/heap/-/heap-3.2.0.tgz",
      "integrity": "sha512-FcU5ZAyb+VIOZz1HABsJUsbJi2ZyUDO7aoe97hq4d3tK3z8nMgwdxf5bO0gafR0ExFi18YTspntqHLzt4XOgnA=="
    },
    "node_modules/dbly-linked-list": {
      "version": "0.3.4",
      "resolved": "https://registry.npmjs.org/dbly-linked-list/-/dbly-linked-list-0.3.4.tgz",
      "integrity": "sha512-327vOlwspi9i1T3Kc9yZhRUR8qDdgMQ4HmXsFDDCQ/HTc3sNe7gnF5b0UrsnaOJ0rvmG7yBZpK0NoOux9rKYKw==",
      "dependencies": {
        "lodash.isequal": "^4.5.0"
      }
    },
    "node_modules/js-priority-queue": {
      "version": "0.1.5",
      "resolved": "https://registry.npmjs.org/js-priority-queue/-/js-priority-queue-0.1.5.tgz",
      "integrity": "sha1-9x6bISDJHood2rO300fawB2B6Dc="
    },
    "node_modules/lodash.isequal": {
      "version": "4.5.0",
      "resolved": "https://registry.npmjs.org/lodash.isequal/-/lodash.isequal-4.5.0.tgz",
      "integrity": "sha1-QVxEePK8wwEgwizhDtMib30+GOA="
    },
    "node_modules/queue-fifo": {
      "version": "0.2.6",
      "resolved": "https://registry.npmjs.org/queue-fifo/-/queue-fifo-0.2.6.tgz",
      "integrity": "sha512-rwlnZHAaTmWEGKC7ziasK8u4QnZW/uN6kSiG+tHNf/1GA+R32FArZi18s3SYUpKcA0Y6jJoUDn5GT3Anoc2mWw==",
      "dependencies": {
        "dbly-linked-list": "0.3.4"
      }
    },
    "node_modules/random": {
      "version": "3.0.6",
      "resolved": "https://registry.npmjs.org/random/-/random-3.0.6.tgz",
      "integrity": "sha512-B53pp/8eFBxULg6sfQgjjmy3vZ2CWVt0Nk4OgkSpvmAf3VXfcEUgGASbNWbXiTiExWe8hCIf5HlddNHzrte9jg==",
      "dependencies": {
        "seedrandom": "^3.0.5"
      },
      "engines": {
        "node": ">=10"
      }
    },
    "node_modules/seedrandom": {
      "version": "3.0.5",
      "resolved": "https://registry.npmjs.org/seedrandom/-/seedrandom-3.0.5.tgz",
      "integrity": "sha512-8OwmbklUNzwezjGInmZ+2clQmExQPvomqjL7LFqOYqtmuxRgQYqOD3mHaU+MvZn5FLUeVxVfQjwLZW/n/JFuqg=="
    }
  },
  "dependencies": {
    "@datastructures-js/heap": {
      "version": "3.2.0",
      "resolved": "https://registry.npmjs.org/@datastructures-js/heap/-/heap-3.2.0.tgz",
      "integrity": "sha512-FcU5ZAyb+VIOZz1HABsJUsbJi2ZyUDO7aoe97hq4d3tK3z8nMgwdxf5bO0gafR0ExFi18YTspntqHLzt4XOgnA=="
    },
    "dbly-linked-list": {
      "version": "0.3.4",
      "resolved": "https://registry.npmjs.org/dbly-linked-list/-/dbly-linked-list-0.3.4.tgz",
      "integrity": "sha512-327vOlwspi9i1T3Kc9yZhRUR8qDdgMQ4HmXsFDDCQ/HTc3sNe7gnF5b0UrsnaOJ0rvmG7yBZpK0NoOux9rKYKw==",
      "requires": {
        "lodash.isequal": "^4.5.0"
      }
    },
    "js-priority-queue": {
      "version": "0.1.5",
      "resolved": "https://registry.npmjs.org/js-priority-queue/-/js-priority-queue-0.1.5.tgz",
      "integrity": "sha1-9x6bISDJHood2rO300fawB2B6Dc="
    },
    "lodash.isequal": {
      "version": "4.5.0",
      "resolved": "https://registry.npmjs.org/lodash.isequal/-/lodash.isequal-4.5.0.tgz",
      "integrity": "sha1-QVxEePK8wwEgwizhDtMib30+GOA="
    },
    "queue-fifo": {
      "version": "0.2.6",
      "resolved": "https://registry.npmjs.org/queue-fifo/-/queue-fifo-0.2.6.tgz",
      "integrity": "sha512-rwlnZHAaTmWEGKC7ziasK8u4QnZW/uN6kSiG+tHNf/1GA+R32FArZi18s3SYUpKcA0Y6jJoUDn5GT3Anoc2mWw==",
      "requires": {
        "dbly-linked-list": "0.3.4"
      }
    },
    "random": {
      "version": "3.0.6",
      "resolved": "https://registry.npmjs.org/random/-/random-3.0.6.tgz",
      "integrity": "sha512-B53pp/8eFBxULg6sfQgjjmy3vZ2CWVt0Nk4OgkSpvmAf3VXfcEUgGASbNWbXiTiExWe8hCIf5HlddNHzrte9jg==",
      "requires": {
        "seedrandom": "^3.0.5"
      }
    },
    "seedrandom": {
      "version": "3.0.5",
      "resolved": "https://registry.npmjs.org/seedrandom/-/seedrandom-3.0.5.tgz",
      "integrity": "sha512-8OwmbklUNzwezjGInmZ+2clQmExQPvomqjL7LFqOYqtmuxRgQYqOD3mHaU+MvZn5FLUeVxVfQjwLZW/n/JFuqg=="
    }
  }
}
